
Microsoft Visual Studio Solution File, Format Version 12.00
# Visual Studio Version 16
VisualStudioVersion = 16.0.31321.278
MinimumVisualStudioVersion = 10.0.40219.1
Project("{8BC9CEB8-8B4A-11D0-8D11-00A0C91BC942}") = "misepage", "misepage\misepage.vcxproj", "{9EFF0C7E-73C8-4E1F-BD32-18092A6A0440}"
EndProject
Global
	GlobalSection(SolutionConfigurationPlatforms) = preSolution
		Debug|x64 = Debug|x64
		Debug|x86 = Debug|x86
		Release|x64 = Release|x64
		Release|x86 = Release|x86
	EndGlobalSection
	GlobalSection(ProjectConfigurationPlatforms) = postSolution
		{9EFF0C7E-73C8-4E1F-BD32-18092A6A0440}.Debug|x64.ActiveCfg = Debug|x64
		{9EFF0C7E-73C8-4E1F-BD32-18092A6A0440}.Debug|x64.Build.0 = Debug|x64
		{9EFF0C7E-73C8-4E1F-BD32-18092A6A0440}.Debug|x86.ActiveCfg = Debug|Win32
		{9EFF0C7E-73C8-4E1F-BD32-18092A6A0440}.Debug|x86.Build.0 = Debug|Win32
		{9EFF0C7E-73C8-4E1F-BD32-18092A6A0440}.Release|x64.ActiveCfg = Release|x64
		{9EFF0C7E-73C8-4E1F-BD32-18092A6A0440}.Release|x64.Build.0 = Release|x64
		{9EFF0C7E-73C8-4E1F-BD32-18092A6A0440}.Release|x86.ActiveCfg = Release|Win32
		{9EFF0C7E-73C8-4E1F-BD32-18092A6A0440}.Release|x86.Build.0 = Release|Win32
	EndGlobalSection
	GlobalSection(SolutionProperties) = preSolution
		HideSolutionNode = FALSE
	EndGlobalSection
	GlobalSection(ExtensibilityGlobals) = postSolution
		SolutionGuid = {9E9446E9-3C1B-499F-8C88-DFE69E427F2B}
	EndGlobalSection
EndGlobal
